
Microsoft Visual Studio Solution File, Format Version 12.00
# Visual Studio 14
VisualStudioVersion = 14.0.25420.1
MinimumVisualStudioVersion = 10.0.40219.1
Project("{FAE04EC0-301F-11D3-BF4B-00C04F79EFBC}") = "Training CRM Application", "Training CRM Application\Training CRM Application.csproj", "{4BE5CB92-AE08-4BCA-8FCB-01757B7F6121}"
EndProject
Project("{FAE04EC0-301F-11D3-BF4B-00C04F79EFBC}") = "Model", "Model\Model.csproj", "{6D37E6C7-0A48-412A-9494-B7B0FC6A8DBE}"
EndProject
Global
	GlobalSection(SolutionConfigurationPlatforms) = preSolution
		Debug|Any CPU = Debug|Any CPU
		Release|Any CPU = Release|Any CPU
	EndGlobalSection
	GlobalSection(ProjectConfigurationPlatforms) = postSolution
		{4BE5CB92-AE08-4BCA-8FCB-01757B7F6121}.Debug|Any CPU.ActiveCfg = Debug|Any CPU
		{4BE5CB92-AE08-4BCA-8FCB-01757B7F6121}.Debug|Any CPU.Build.0 = Debug|Any CPU
		{4BE5CB92-AE08-4BCA-8FCB-01757B7F6121}.Release|Any CPU.ActiveCfg = Release|Any CPU
		{4BE5CB92-AE08-4BCA-8FCB-01757B7F6121}.Release|Any CPU.Build.0 = Release|Any CPU
		{6D37E6C7-0A48-412A-9494-B7B0FC6A8DBE}.Debug|Any CPU.ActiveCfg = Debug|Any CPU
		{6D37E6C7-0A48-412A-9494-B7B0FC6A8DBE}.Debug|Any CPU.Build.0 = Debug|Any CPU
		{6D37E6C7-0A48-412A-9494-B7B0FC6A8DBE}.Release|Any CPU.ActiveCfg = Release|Any CPU
		{6D37E6C7-0A48-412A-9494-B7B0FC6A8DBE}.Release|Any CPU.Build.0 = Release|Any CPU
	EndGlobalSection
	GlobalSection(SolutionProperties) = preSolution
		HideSolutionNode = FALSE
	EndGlobalSection
EndGlobal
